// !$*UTF8*$!
{
	archiveVersion = 1;
	classes = {
	};
	objectVersion = 56;
	objects = {

/* Begin PBXBuildFile section */
		1A1A1A1A1A1A1A1A1A1A1A1A /* DailyChineseApp.swift in Sources */ = {isa = PBXBuildFile; fileRef = 2A2A2A2A2A2A2A2A2A2A2A2A /* DailyChineseApp.swift */; };
		1A1A1A1A1A1A1A1A1A1A1A1B /* SentencesView.swift in Sources */ = {isa = PBXBuildFile; fileRef = 2A2A2A2A2A2A2A2A2A2A2A2B /* SentencesView.swift */; };
		1A1A1A1A1A1A1A1A1A1A1A1C /* SentencesViewModel.swift in Sources */ = {isa = PBXBuildFile; fileRef = 2A2A2A2A2A2A2A2A2A2A2A2C /* SentencesViewModel.swift */; };
		1A1A1A1A1A1A1A1A1A1A1A1D /* SentenceRowView.swift in Sources */ = {isa = PBXBuildFile; fileRef = 2A2A2A2A2A2A2A2A2A2A2A2D /* SentenceRowView.swift */; };
		1A1A1A1A1A1A1A1A1A1A1A1E /* SentenceDetailView.swift in Sources */ = {isa = PBXBuildFile; fileRef = 2A2A2A2A2A2A2A2A2A2A2A2E /* SentenceDetailView.swift */; };
		1A1A1A1A1A1A1A1A1A1A1A1F /* AudioPlayer.swift in Sources */ = {isa = PBXBuildFile; fileRef = 2A2A2A2A2A2A2A2A2A2A2A2F /* AudioPlayer.swift */; };
		1A1A1A1A1A1A1A1A1A1A1A20 /* RecorderService.swift in Sources */ = {isa = PBXBuildFile; fileRef = 2A2A2A2A2A2A2A2A2A2A2A30 /* RecorderService.swift */; };
		1A1A1A1A1A1A1A1A1A1A1A21 /* Sentence.swift in Sources */ = {isa = PBXBuildFile; fileRef = 2A2A2A2A2A2A2A2A2A2A2A31 /* Sentence.swift */; };
		1A1A1A1A1A1A1A1A1A1A1A22 /* DailyPack.swift in Sources */ = {isa = PBXBuildFile; fileRef = 2A2A2A2A2A2A2A2A2A2A2A32 /* DailyPack.swift */; };
		1A1A1A1A1A1A1A1A1A1A1A23 /* SentenceStore.swift in Sources */ = {isa = PBXBuildFile; fileRef = 2A2A2A2A2A2A2A2A2A2A2A33 /* SentenceStore.swift */; };
		1A1A1A1A1A1A1A1A1A1A1A24 /* LocalRepository.swift in Sources */ = {isa = PBXBuildFile; fileRef = 2A2A2A2A2A2A2A2A2A2A2A34 /* LocalRepository.swift */; };
		1A1A1A1A1A1A1A1A1A1A1A2D /* NetworkRepository.swift in Sources */ = {isa = PBXBuildFile; fileRef = 2A2A2A2A2A2A2A2A2A2A2A3D /* NetworkRepository.swift */; };
		1A1A1A1A1A1A1A1A1A1A1A25 /* SentenceDTO.swift in Sources */ = {isa = PBXBuildFile; fileRef = 2A2A2A2A2A2A2A2A2A2A2A35 /* SentenceDTO.swift */; };
		1A1A1A1A1A1A1A1A1A1A1A26 /* TTSService.swift in Sources */ = {isa = PBXBuildFile; fileRef = 2A2A2A2A2A2A2A2A2A2A2A36 /* TTSService.swift */; };
		1A1A1A1A1A1A1A1A1A1A1A27 /* AIService.swift in Sources */ = {isa = PBXBuildFile; fileRef = 2A2A2A2A2A2A2A2A2A2A2A37 /* AIService.swift */; };
		1A1A1A1A1A1A1A1A1A1A1A28 /* DIContainer.swift in Sources */ = {isa = PBXBuildFile; fileRef = 2A2A2A2A2A2A2A2A2A2A2A38 /* DIContainer.swift */; };
		1A1A1A1A1A1A1A1A1A1A1A29 /* AppConfig.swift in Sources */ = {isa = PBXBuildFile; fileRef = 2A2A2A2A2A2A2A2A2A2A2A39 /* AppConfig.swift */; };
		1A1A1A1A1A1A1A1A1A1A1A2A /* seed_today.json in Resources */ = {isa = PBXBuildFile; fileRef = 2A2A2A2A2A2A2A2A2A2A2A3A /* seed_today.json */; };
		1A1A1A1A1A1A1A1A1A1A1A2B /* SentencesViewModelTests.swift in Sources */ = {isa = PBXBuildFile; fileRef = 2A2A2A2A2A2A2A2A2A2A2A3B /* SentencesViewModelTests.swift */; };
		1A1A1A1A1A1A1A1A1A1A1A2C /* LocalRepositoryTests.swift in Sources */ = {isa = PBXBuildFile; fileRef = 2A2A2A2A2A2A2A2A2A2A2A3C /* LocalRepositoryTests.swift */; };
		1A1A1A1A1A1A1A1A1A1A1A2E /* SettingsView.swift in Sources */ = {isa = PBXBuildFile; fileRef = 2A2A2A2A2A2A2A2A2A2A2A3E /* SettingsView.swift */; };
		1A1A1A1A1A1A1A1A1A1A1A2F /* MainTabView.swift in Sources */ = {isa = PBXBuildFile; fileRef = 2A2A2A2A2A2A2A2A2A2A2A3F /* MainTabView.swift */; };
		1A1A1A1A1A1A1A1A1A1A1A30 /* HistoryView.swift in Sources */ = {isa = PBXBuildFile; fileRef = 2A2A2A2A2A2A2A2A2A2A2A40 /* HistoryView.swift */; };
		1A1A1A1A1A1A1A1A1A1A1A31 /* HistoryViewModel.swift in Sources */ = {isa = PBXBuildFile; fileRef = 2A2A2A2A2A2A2A2A2A2A2A41 /* HistoryViewModel.swift */; };
		1A1A1A1A1A1A1A1A1A1A1A32 /* OpenAITTSService.swift in Sources */ = {isa = PBXBuildFile; fileRef = 2A2A2A2A2A2A2A2A2A2A2A42 /* OpenAITTSService.swift */; };
		1A1A1A1A1A1A1A1A1A1A1A33 /* HybridTTSService.swift in Sources */ = {isa = PBXBuildFile; fileRef = 2A2A2A2A2A2A2A2A2A2A2A43 /* HybridTTSService.swift */; };
		fb099265924345b8a30a3830 /* SpeechRecognitionService.swift in Sources */ = {isa = PBXBuildFile; fileRef = 53d987e0b4c849aeb4d0032b /* SpeechRecognitionService.swift */; };
		aa6b803a6b7e43c6927e5534 /* PronunciationGradingService.swift in Sources */ = {isa = PBXBuildFile; fileRef = 5f172f89dfad4f24a7367684 /* PronunciationGradingService.swift */; };
/* End PBXBuildFile section */

/* Begin PBXContainerItemProxy section */
		3A3A3A3A3A3A3A3A3A3A3A3A /* PBXContainerItemProxy */ = {
			isa = PBXContainerItemProxy;
			containerPortal = 4A4A4A4A4A4A4A4A4A4A4A4A /* Project object */;
			proxyType = 1;
			remoteGlobalIDString = 5A5A5A5A5A5A5A5A5A5A5A5A;
			remoteInfo = DailyChinese;
		};
/* End PBXContainerItemProxy section */

/* Begin PBXFileReference section */
		2A2A2A2A2A2A2A2A2A2A2A2A /* DailyChineseApp.swift */ = {isa = PBXFileReference; lastKnownFileType = sourcecode.swift; path = DailyChineseApp.swift; sourceTree = "<group>"; };
		2A2A2A2A2A2A2A2A2A2A2A2B /* SentencesView.swift */ = {isa = PBXFileReference; lastKnownFileType = sourcecode.swift; path = SentencesView.swift; sourceTree = "<group>"; };
		2A2A2A2A2A2A2A2A2A2A2A2C /* SentencesViewModel.swift */ = {isa = PBXFileReference; lastKnownFileType = sourcecode.swift; path = SentencesViewModel.swift; sourceTree = "<group>"; };
		2A2A2A2A2A2A2A2A2A2A2A2D /* SentenceRowView.swift */ = {isa = PBXFileReference; lastKnownFileType = sourcecode.swift; path = SentenceRowView.swift; sourceTree = "<group>"; };
		2A2A2A2A2A2A2A2A2A2A2A2E /* SentenceDetailView.swift */ = {isa = PBXFileReference; lastKnownFileType = sourcecode.swift; path = SentenceDetailView.swift; sourceTree = "<group>"; };
		2A2A2A2A2A2A2A2A2A2A2A2F /* AudioPlayer.swift */ = {isa = PBXFileReference; lastKnownFileType = sourcecode.swift; path = AudioPlayer.swift; sourceTree = "<group>"; };
		2A2A2A2A2A2A2A2A2A2A2A30 /* RecorderService.swift */ = {isa = PBXFileReference; lastKnownFileType = sourcecode.swift; path = "../../Services/Recording/RecorderService.swift"; sourceTree = "<group>"; };
		2A2A2A2A2A2A2A2A2A2A2A31 /* Sentence.swift */ = {isa = PBXFileReference; lastKnownFileType = sourcecode.swift; path = Sentence.swift; sourceTree = "<group>"; };
		2A2A2A2A2A2A2A2A2A2A2A32 /* DailyPack.swift */ = {isa = PBXFileReference; lastKnownFileType = sourcecode.swift; path = DailyPack.swift; sourceTree = "<group>"; };
		2A2A2A2A2A2A2A2A2A2A2A33 /* SentenceStore.swift */ = {isa = PBXFileReference; lastKnownFileType = sourcecode.swift; path = SentenceStore.swift; sourceTree = "<group>"; };
		2A2A2A2A2A2A2A2A2A2A2A34 /* LocalRepository.swift */ = {isa = PBXFileReference; lastKnownFileType = sourcecode.swift; path = LocalRepository.swift; sourceTree = "<group>"; };
		2A2A2A2A2A2A2A2A2A2A2A3D /* NetworkRepository.swift */ = {isa = PBXFileReference; lastKnownFileType = sourcecode.swift; path = NetworkRepository.swift; sourceTree = "<group>"; };
		2A2A2A2A2A2A2A2A2A2A2A35 /* SentenceDTO.swift */ = {isa = PBXFileReference; lastKnownFileType = sourcecode.swift; path = SentenceDTO.swift; sourceTree = "<group>"; };
		2A2A2A2A2A2A2A2A2A2A2A36 /* TTSService.swift */ = {isa = PBXFileReference; lastKnownFileType = sourcecode.swift; path = TTSService.swift; sourceTree = "<group>"; };
		2A2A2A2A2A2A2A2A2A2A2A37 /* AIService.swift */ = {isa = PBXFileReference; lastKnownFileType = sourcecode.swift; path = AIService.swift; sourceTree = "<group>"; };
		2A2A2A2A2A2A2A2A2A2A2A38 /* DIContainer.swift */ = {isa = PBXFileReference; lastKnownFileType = sourcecode.swift; path = DIContainer.swift; sourceTree = "<group>"; };
		2A2A2A2A2A2A2A2A2A2A2A39 /* AppConfig.swift */ = {isa = PBXFileReference; lastKnownFileType = sourcecode.swift; path = AppConfig.swift; sourceTree = "<group>"; };
		2A2A2A2A2A2A2A2A2A2A2A3A /* seed_today.json */ = {isa = PBXFileReference; lastKnownFileType = text.json; path = seed_today.json; sourceTree = "<group>"; };
		2A2A2A2A2A2A2A2A2A2A2A3B /* SentencesViewModelTests.swift */ = {isa = PBXFileReference; lastKnownFileType = sourcecode.swift; path = SentencesViewModelTests.swift; sourceTree = "<group>"; };
		2A2A2A2A2A2A2A2A2A2A2A3C /* LocalRepositoryTests.swift */ = {isa = PBXFileReference; lastKnownFileType = sourcecode.swift; path = LocalRepositoryTests.swift; sourceTree = "<group>"; };
		2A2A2A2A2A2A2A2A2A2A2A3E /* SettingsView.swift */ = {isa = PBXFileReference; lastKnownFileType = sourcecode.swift; path = SettingsView.swift; sourceTree = "<group>"; };
		2A2A2A2A2A2A2A2A2A2A2A3F /* MainTabView.swift */ = {isa = PBXFileReference; lastKnownFileType = sourcecode.swift; path = MainTabView.swift; sourceTree = "<group>"; };
		2A2A2A2A2A2A2A2A2A2A2A40 /* HistoryView.swift */ = {isa = PBXFileReference; lastKnownFileType = sourcecode.swift; path = HistoryView.swift; sourceTree = "<group>"; };
		2A2A2A2A2A2A2A2A2A2A2A41 /* HistoryViewModel.swift */ = {isa = PBXFileReference; lastKnownFileType = sourcecode.swift; path = HistoryViewModel.swift; sourceTree = "<group>"; };
		2A2A2A2A2A2A2A2A2A2A2A42 /* OpenAITTSService.swift */ = {isa = PBXFileReference; lastKnownFileType = sourcecode.swift; path = OpenAITTSService.swift; sourceTree = "<group>"; };
		2A2A2A2A2A2A2A2A2A2A2A43 /* HybridTTSService.swift */ = {isa = PBXFileReference; lastKnownFileType = sourcecode.swift; path = HybridTTSService.swift; sourceTree = "<group>"; };
		53d987e0b4c849aeb4d0032b /* SpeechRecognitionService.swift */ = {isa = PBXFileReference; lastKnownFileType = sourcecode.swift; path = DailyChinese/Services/SpeechRecognition/SpeechRecognitionService.swift; sourceTree = "<group>"; };
		5f172f89dfad4f24a7367684 /* PronunciationGradingService.swift */ = {isa = PBXFileReference; lastKnownFileType = sourcecode.swift; path = DailyChinese/Services/PronunciationGrading/PronunciationGradingService.swift; sourceTree = "<group>"; };
		5A5A5A5A5A5A5A5A5A5A5A5B /* DailyChinese.app */ = {isa = PBXFileReference; explicitFileType = wrapper.application; includeInIndex = 0; path = DailyChinese.app; sourceTree = BUILT_PRODUCTS_DIR; };
		6A6A6A6A6A6A6A6A6A6A6A6A /* DailyChineseTests.xctest */ = {isa = PBXFileReference; explicitFileType = wrapper.cfbundle; includeInIndex = 0; path = DailyChineseTests.xctest; sourceTree = BUILT_PRODUCTS_DIR; };
		7A7A7A7A7A7A7A7A7A7A7A7A /* Info.plist */ = {isa = PBXFileReference; lastKnownFileType = text.plist.xml; path = Info.plist; sourceTree = "<group>"; };
/* End PBXFileReference section */

/* Begin PBXFrameworksBuildPhase section */
		FFFFFFFFFFFFFFFFFFFFFF02 /* Frameworks */ = {
			isa = PBXFrameworksBuildPhase;
			buildActionMask = 2147483647;
			files = (
			);
			runOnlyForDeploymentPostprocessing = 0;
		};
		FFFFFFFFFFFFFFFFFFFFFF05 /* Frameworks */ = {
			isa = PBXFrameworksBuildPhase;
			buildActionMask = 2147483647;
			files = (
			);
			runOnlyForDeploymentPostprocessing = 0;
		};
/* End PBXFrameworksBuildPhase section */

/* Begin PBXGroup section */
		4A4A4A4A4A4A4A4A4A4A4A4B = {
			isa = PBXGroup;
			children = (
				9A9A9A9A9A9A9A9A9A9A9A9A /* DailyChinese */,
				9A9A9A9A9A9A9A9A9A9A9A9B /* DailyChineseTests */,
				9A9A9A9A9A9A9A9A9A9A9A9C /* Products */,
			);
			sourceTree = "<group>";
		};
		9A9A9A9A9A9A9A9A9A9A9A9A /* DailyChinese */ = {
			isa = PBXGroup;
			children = (
				AAAAAAAAAAAAAAAAAAAAAA01 /* App */,
				AAAAAAAAAAAAAAAAAAAAAA02 /* Features */,
				AAAAAAAAAAAAAAAAAAAAAA03 /* Data */,
				AAAAAAAAAAAAAAAAAAAAAA04 /* Services */,
				AAAAAAAAAAAAAAAAAAAAAA05 /* System */,
				AAAAAAAAAAAAAAAAAAAAAA06 /* Resources */,
				7A7A7A7A7A7A7A7A7A7A7A7A /* Info.plist */,
			);
			path = DailyChinese;
			sourceTree = "<group>";
		};
		9A9A9A9A9A9A9A9A9A9A9A9B /* DailyChineseTests */ = {
			isa = PBXGroup;
			children = (
				2A2A2A2A2A2A2A2A2A2A2A3B /* SentencesViewModelTests.swift */,
				2A2A2A2A2A2A2A2A2A2A2A3C /* LocalRepositoryTests.swift */,
			);
			path = DailyChineseTests;
			sourceTree = "<group>";
		};
		9A9A9A9A9A9A9A9A9A9A9A9C /* Products */ = {
			isa = PBXGroup;
			children = (
				5A5A5A5A5A5A5A5A5A5A5A5B /* DailyChinese.app */,
				6A6A6A6A6A6A6A6A6A6A6A6A /* DailyChineseTests.xctest */,
			);
			name = Products;
			sourceTree = "<group>";
		};
		AAAAAAAAAAAAAAAAAAAAAA01 /* App */ = {
			isa = PBXGroup;
			children = (
				2A2A2A2A2A2A2A2A2A2A2A2A /* DailyChineseApp.swift */,
			);
			path = App;
			sourceTree = "<group>";
		};
		AAAAAAAAAAAAAAAAAAAAAA02 /* Features */ = {
			isa = PBXGroup;
			children = (
				2A2A2A2A2A2A2A2A2A2A2A3F /* MainTabView.swift */,
				BBBBBBBBBBBBBBBBBBBBBB01 /* Sentences */,
				BBBBBBBBBBBBBBBBBBBBBB02 /* Audio */,
				BBBBBBBBBBBBBBBBBBBBBB03 /* Recording */,
				BBBBBBBBBBBBBBBBBBBBBB04 /* Settings */,
				BBBBBBBBBBBBBBBBBBBBBB05 /* History */,
			);
			path = Features;
			sourceTree = "<group>";
		};
		AAAAAAAAAAAAAAAAAAAAAA03 /* Data */ = {
			isa = PBXGroup;
			children = (
				CCCCCCCCCCCCCCCCCCCCCC01 /* Models */,
				CCCCCCCCCCCCCCCCCCCCCC02 /* Stores */,
				CCCCCCCCCCCCCCCCCCCCCC03 /* DTO */,
			);
			path = Data;
			sourceTree = "<group>";
		};
		AAAAAAAAAAAAAAAAAAAAAA04 /* Services */ = {
			isa = PBXGroup;
			children = (
				DDDDDDDDDDDDDDDDDDDDDD01 /* TTS */,
				DDDDDDDDDDDDDDDDDDDDDD02 /* AI */,
			);
			path = Services;
			sourceTree = "<group>";
		};
		AAAAAAAAAAAAAAAAAAAAAA05 /* System */ = {
			isa = PBXGroup;
			children = (
				2A2A2A2A2A2A2A2A2A2A2A38 /* DIContainer.swift */,
				2A2A2A2A2A2A2A2A2A2A2A39 /* AppConfig.swift */,
			);
			path = System;
			sourceTree = "<group>";
		};
		AAAAAAAAAAAAAAAAAAAAAA06 /* Resources */ = {
			isa = PBXGroup;
			children = (
				2A2A2A2A2A2A2A2A2A2A2A3A /* seed_today.json */,
			);
			path = Resources;
			sourceTree = "<group>";
		};
		BBBBBBBBBBBBBBBBBBBBBB01 /* Sentences */ = {
			isa = PBXGroup;
			children = (
				2A2A2A2A2A2A2A2A2A2A2A2B /* SentencesView.swift */,
				2A2A2A2A2A2A2A2A2A2A2A2C /* SentencesViewModel.swift */,
				2A2A2A2A2A2A2A2A2A2A2A2D /* SentenceRowView.swift */,
				2A2A2A2A2A2A2A2A2A2A2A2E /* SentenceDetailView.swift */,
			);
			path = Sentences;
			sourceTree = "<group>";
		};
		BBBBBBBBBBBBBBBBBBBBBB02 /* Audio */ = {
			isa = PBXGroup;
			children = (
				2A2A2A2A2A2A2A2A2A2A2A2F /* AudioPlayer.swift */,
			);
			path = Audio;
			sourceTree = "<group>";
		};
		BBBBBBBBBBBBBBBBBBBBBB03 /* Recording */ = {
			isa = PBXGroup;
			children = (
				2A2A2A2A2A2A2A2A2A2A2A30 /* RecorderService.swift */,
			);
			path = Recording;
			sourceTree = "<group>";
		};
		BBBBBBBBBBBBBBBBBBBBBB04 /* Settings */ = {
			isa = PBXGroup;
			children = (
				2A2A2A2A2A2A2A2A2A2A2A3E /* SettingsView.swift */,
			);
			path = Settings;
			sourceTree = "<group>";
		};
		BBBBBBBBBBBBBBBBBBBBBB05 /* History */ = {
			isa = PBXGroup;
			children = (
				2A2A2A2A2A2A2A2A2A2A2A40 /* HistoryView.swift */,
				2A2A2A2A2A2A2A2A2A2A2A41 /* HistoryViewModel.swift */,
			);
			path = History;
			sourceTree = "<group>";
		};
		CCCCCCCCCCCCCCCCCCCCCC01 /* Models */ = {
			isa = PBXGroup;
			children = (
				2A2A2A2A2A2A2A2A2A2A2A31 /* Sentence.swift */,
				2A2A2A2A2A2A2A2A2A2A2A32 /* DailyPack.swift */,
			);
			path = Models;
			sourceTree = "<group>";
		};
		CCCCCCCCCCCCCCCCCCCCCC02 /* Stores */ = {
			isa = PBXGroup;
			children = (
				2A2A2A2A2A2A2A2A2A2A2A33 /* SentenceStore.swift */,
				2A2A2A2A2A2A2A2A2A2A2A34 /* LocalRepository.swift */,
				2A2A2A2A2A2A2A2A2A2A2A3D /* NetworkRepository.swift */,
			);
			path = Stores;
			sourceTree = "<group>";
		};
		CCCCCCCCCCCCCCCCCCCCCC03 /* DTO */ = {
			isa = PBXGroup;
			children = (
				2A2A2A2A2A2A2A2A2A2A2A35 /* SentenceDTO.swift */,
			);
			path = DTO;
			sourceTree = "<group>";
		};
		DDDDDDDDDDDDDDDDDDDDDD01 /* TTS */ = {
			isa = PBXGroup;
			children = (
				2A2A2A2A2A2A2A2A2A2A2A36 /* TTSService.swift */,
				2A2A2A2A2A2A2A2A2A2A2A42 /* OpenAITTSService.swift */,
				2A2A2A2A2A2A2A2A2A2A2A43 /* HybridTTSService.swift */,
			);
			path = TTS;
			sourceTree = "<group>";
		};
		DDDDDDDDDDDDDDDDDDDDDD02 /* AI */ = {
			isa = PBXGroup;
			children = (
				2A2A2A2A2A2A2A2A2A2A2A37 /* AIService.swift */,
			);
			path = AI;
			sourceTree = "<group>";
		};
/* End PBXGroup section */

/* Begin PBXNativeTarget section */
		5A5A5A5A5A5A5A5A5A5A5A5A /* DailyChinese */ = {
			isa = PBXNativeTarget;
			buildConfigurationList = EEEEEEEEEEEEEEEEEEEEEE01 /* Build configuration list for PBXNativeTarget "DailyChinese" */;
			buildPhases = (
				FFFFFFFFFFFFFFFFFFFFFF01 /* Sources */,
				FFFFFFFFFFFFFFFFFFFFFF02 /* Frameworks */,
				FFFFFFFFFFFFFFFFFFFFFF03 /* Resources */,
			);
			buildRules = (
			);
			dependencies = (
			);
			name = DailyChinese;
			productName = DailyChinese;
			productReference = 5A5A5A5A5A5A5A5A5A5A5A5B /* DailyChinese.app */;
			productType = "com.apple.product-type.application";
		};
		5A5A5A5A5A5A5A5A5A5A5A5C /* DailyChineseTests */ = {
			isa = PBXNativeTarget;
			buildConfigurationList = EEEEEEEEEEEEEEEEEEEEEE02 /* Build configuration list for PBXNativeTarget "DailyChineseTests" */;
			buildPhases = (
				FFFFFFFFFFFFFFFFFFFFFF04 /* Sources */,
				FFFFFFFFFFFFFFFFFFFFFF05 /* Frameworks */,
				FFFFFFFFFFFFFFFFFFFFFF06 /* Resources */,
			);
			buildRules = (
			);
			dependencies = (
				5A5A5A5A5A5A5A5A5A5A5A5D /* PBXTargetDependency */,
			);
			name = DailyChineseTests;
			productName = DailyChineseTests;
			productReference = 6A6A6A6A6A6A6A6A6A6A6A6A /* DailyChineseTests.xctest */;
			productType = "com.apple.product-type.bundle.unit-test";
		};
/* End PBXNativeTarget section */

/* Begin PBXProject section */
		4A4A4A4A4A4A4A4A4A4A4A4A /* Project object */ = {
			isa = PBXProject;
			attributes = {
				BuildIndependentTargetsInParallel = 1;
				LastSwiftUpdateCheck = 1500;
				LastUpgradeCheck = 1500;
				TargetAttributes = {
					5A5A5A5A5A5A5A5A5A5A5A5A = {
						CreatedOnToolsVersion = 15.0;
					};
					5A5A5A5A5A5A5A5A5A5A5A5C = {
						CreatedOnToolsVersion = 15.0;
						TestTargetID = 5A5A5A5A5A5A5A5A5A5A5A5A;
					};
				};
			};
			buildConfigurationList = EEEEEEEEEEEEEEEEEEEEEE00 /* Build configuration list for PBXProject "DailyChinese" */;
			compatibilityVersion = "Xcode 14.0";
			developmentRegion = en;
			hasScannedForEncodings = 0;
			knownRegions = (
				en,
				Base,
			);
			mainGroup = 4A4A4A4A4A4A4A4A4A4A4A4B;
			productRefGroup = 9A9A9A9A9A9A9A9A9A9A9A9C /* Products */;
			projectDirPath = "";
			projectRoot = "";
			targets = (
				5A5A5A5A5A5A5A5A5A5A5A5A /* DailyChinese */,
				5A5A5A5A5A5A5A5A5A5A5A5C /* DailyChineseTests */,
			);
		};
/* End PBXProject section */

/* Begin PBXResourcesBuildPhase section */
		FFFFFFFFFFFFFFFFFFFFFF03 /* Resources */ = {
			isa = PBXResourcesBuildPhase;
			buildActionMask = 2147483647;
			files = (
				1A1A1A1A1A1A1A1A1A1A1A2A /* seed_today.json in Resources */,
			);
			runOnlyForDeploymentPostprocessing = 0;
		};
		FFFFFFFFFFFFFFFFFFFFFF06 /* Resources */ = {
			isa = PBXResourcesBuildPhase;
			buildActionMask = 2147483647;
			files = (
			);
			runOnlyForDeploymentPostprocessing = 0;
		};
/* End PBXResourcesBuildPhase section */

/* Begin PBXSourcesBuildPhase section */
		FFFFFFFFFFFFFFFFFFFFFF01 /* Sources */ = {
			isa = PBXSourcesBuildPhase;
			buildActionMask = 2147483647;
			files = (
				1A1A1A1A1A1A1A1A1A1A1A1A /* DailyChineseApp.swift in Sources */,
				1A1A1A1A1A1A1A1A1A1A1A1B /* SentencesView.swift in Sources */,
				1A1A1A1A1A1A1A1A1A1A1A1C /* SentencesViewModel.swift in Sources */,
				1A1A1A1A1A1A1A1A1A1A1A1D /* SentenceRowView.swift in Sources */,
				1A1A1A1A1A1A1A1A1A1A1A1E /* SentenceDetailView.swift in Sources */,
				1A1A1A1A1A1A1A1A1A1A1A1F /* AudioPlayer.swift in Sources */,
				1A1A1A1A1A1A1A1A1A1A1A20 /* RecorderService.swift in Sources */,
				1A1A1A1A1A1A1A1A1A1A1A21 /* Sentence.swift in Sources */,
				1A1A1A1A1A1A1A1A1A1A1A22 /* DailyPack.swift in Sources */,
				1A1A1A1A1A1A1A1A1A1A1A23 /* SentenceStore.swift in Sources */,
				1A1A1A1A1A1A1A1A1A1A1A24 /* LocalRepository.swift in Sources */,
				1A1A1A1A1A1A1A1A1A1A1A2D /* NetworkRepository.swift in Sources */,
				1A1A1A1A1A1A1A1A1A1A1A25 /* SentenceDTO.swift in Sources */,
				1A1A1A1A1A1A1A1A1A1A1A26 /* TTSService.swift in Sources */,
				1A1A1A1A1A1A1A1A1A1A1A27 /* AIService.swift in Sources */,
				1A1A1A1A1A1A1A1A1A1A1A28 /* DIContainer.swift in Sources */,
				1A1A1A1A1A1A1A1A1A1A1A29 /* AppConfig.swift in Sources */,
				1A1A1A1A1A1A1A1A1A1A1A2E /* SettingsView.swift in Sources */,
				1A1A1A1A1A1A1A1A1A1A1A2F /* MainTabView.swift in Sources */,
				1A1A1A1A1A1A1A1A1A1A1A30 /* HistoryView.swift in Sources */,
				1A1A1A1A1A1A1A1A1A1A1A31 /* HistoryViewModel.swift in Sources */,
				1A1A1A1A1A1A1A1A1A1A1A32 /* OpenAITTSService.swift in Sources */,
				1A1A1A1A1A1A1A1A1A1A1A33 /* HybridTTSService.swift in Sources */,
				fb099265924345b8a30a3830 /* SpeechRecognitionService.swift in Sources */,
				aa6b803a6b7e43c6927e5534 /* PronunciationGradingService.swift in Sources */,
			);
			runOnlyForDeploymentPostprocessing = 0;
		};
		FFFFFFFFFFFFFFFFFFFFFF04 /* Sources */ = {
			isa = PBXSourcesBuildPhase;
			buildActionMask = 2147483647;
			files = (
				1A1A1A1A1A1A1A1A1A1A1A2B /* SentencesViewModelTests.swift in Sources */,
				1A1A1A1A1A1A1A1A1A1A1A2C /* LocalRepositoryTests.swift in Sources */,
			);
			runOnlyForDeploymentPostprocessing = 0;
		};
/* End PBXSourcesBuildPhase section */

/* Begin PBXTargetDependency section */
		5A5A5A5A5A5A5A5A5A5A5A5D /* PBXTargetDependency */ = {
			isa = PBXTargetDependency;
			target = 5A5A5A5A5A5A5A5A5A5A5A5A /* DailyChinese */;
			targetProxy = 3A3A3A3A3A3A3A3A3A3A3A3A /* PBXContainerItemProxy */;
		};
/* End PBXTargetDependency section */

/* Begin XCBuildConfiguration section */
		CCCCCCCCCCCCCCCCCCCCCC04 /* Debug */ = {
			isa = XCBuildConfiguration;
			buildSettings = {
				ALWAYS_SEARCH_USER_PATHS = NO;
				ASSETCATALOG_COMPILER_GENERATE_SWIFT_ASSET_SYMBOL_EXTENSIONS = YES;
				CLANG_ANALYZER_NONNULL = YES;
				CLANG_ANALYZER_NUMBER_OBJECT_CONVERSION = YES_AGGRESSIVE;
				CLANG_CXX_LANGUAGE_STANDARD = "gnu++20";
				CLANG_ENABLE_MODULES = YES;
				CLANG_ENABLE_OBJC_ARC = YES;
				CLANG_ENABLE_OBJC_WEAK = YES;
				CLANG_WARN_BLOCK_CAPTURE_AUTORELEASING = YES;
				CLANG_WARN_BOOL_CONVERSION = YES;
				CLANG_WARN_COMMA = YES;
				CLANG_WARN_CONSTANT_CONVERSION = YES;
				CLANG_WARN_DEPRECATED_OBJC_IMPLEMENTATIONS = YES;
				CLANG_WARN_DIRECT_OBJC_ISA_USAGE = YES_ERROR;
				CLANG_WARN_DOCUMENTATION_COMMENTS = YES;
				CLANG_WARN_EMPTY_BODY = YES;
				CLANG_WARN_ENUM_CONVERSION = YES;
				CLANG_WARN_INFINITE_RECURSION = YES;
				CLANG_WARN_INT_CONVERSION = YES;
				CLANG_WARN_NON_LITERAL_NULL_CONVERSION = YES;
				CLANG_WARN_OBJC_IMPLICIT_RETAIN_SELF = YES;
				CLANG_WARN_OBJC_LITERAL_CONVERSION = YES;
				CLANG_WARN_OBJC_ROOT_CLASS = YES_ERROR;
				CLANG_WARN_QUOTED_INCLUDE_IN_FRAMEWORK_HEADER = YES;
				CLANG_WARN_RANGE_LOOP_ANALYSIS = YES;
				CLANG_WARN_STRICT_PROTOTYPES = YES;
				CLANG_WARN_SUSPICIOUS_MOVE = YES;
				CLANG_WARN_UNGUARDED_AVAILABILITY = YES_AGGRESSIVE;
				CLANG_WARN_UNREACHABLE_CODE = YES;
				CLANG_WARN__DUPLICATE_METHOD_MATCH = YES;
				COPY_PHASE_STRIP = NO;
				DEBUG_INFORMATION_FORMAT = dwarf;
				ENABLE_STRICT_OBJC_MSGSEND = YES;
				ENABLE_TESTABILITY = YES;
				ENABLE_USER_SCRIPT_SANDBOXING = YES;
				GCC_C_LANGUAGE_STANDARD = gnu17;
				GCC_DYNAMIC_NO_PIC = NO;
				GCC_NO_COMMON_BLOCKS = YES;
				GCC_OPTIMIZATION_LEVEL = 0;
				GCC_PREPROCESSOR_DEFINITIONS = (
					"DEBUG=1",
					"$(inherited)",
				);
				GCC_WARN_64_TO_32_BIT_CONVERSION = YES;
				GCC_WARN_ABOUT_RETURN_TYPE = YES_ERROR;
				GCC_WARN_UNDECLARED_SELECTOR = YES;
				GCC_WARN_UNINITIALIZED_AUTOS = YES_AGGRESSIVE;
				GCC_WARN_UNUSED_FUNCTION = YES;
				GCC_WARN_UNUSED_VARIABLE = YES;
				IPHONEOS_DEPLOYMENT_TARGET = 17.0;
				LOCALIZATION_PREFERS_STRING_CATALOGS = YES;
				MTL_ENABLE_DEBUG_INFO = INCLUDE_SOURCE;
				MTL_FAST_MATH = YES;
				ONLY_ACTIVE_ARCH = YES;
				SDKROOT = iphoneos;
				SWIFT_ACTIVE_COMPILATION_CONDITIONS = "DEBUG $(inherited)";
				SWIFT_OPTIMIZATION_LEVEL = "-Onone";
			};
			name = Debug;
		};
		CCCCCCCCCCCCCCCCCCCCCC05 /* Release */ = {
			isa = XCBuildConfiguration;
			buildSettings = {
				ALWAYS_SEARCH_USER_PATHS = NO;
				ASSETCATALOG_COMPILER_GENERATE_SWIFT_ASSET_SYMBOL_EXTENSIONS = YES;
				CLANG_ANALYZER_NONNULL = YES;
				CLANG_ANALYZER_NUMBER_OBJECT_CONVERSION = YES_AGGRESSIVE;
				CLANG_CXX_LANGUAGE_STANDARD = "gnu++20";
				CLANG_ENABLE_MODULES = YES;
				CLANG_ENABLE_OBJC_ARC = YES;
				CLANG_ENABLE_OBJC_WEAK = YES;
				CLANG_WARN_BLOCK_CAPTURE_AUTORELEASING = YES;
				CLANG_WARN_BOOL_CONVERSION = YES;
				CLANG_WARN_COMMA = YES;
				CLANG_WARN_CONSTANT_CONVERSION = YES;
				CLANG_WARN_DEPRECATED_OBJC_IMPLEMENTATIONS = YES;
				CLANG_WARN_DIRECT_OBJC_ISA_USAGE = YES_ERROR;
				CLANG_WARN_DOCUMENTATION_COMMENTS = YES;
				CLANG_WARN_EMPTY_BODY = YES;
				CLANG_WARN_ENUM_CONVERSION = YES;
				CLANG_WARN_INFINITE_RECURSION = YES;
				CLANG_WARN_INT_CONVERSION = YES;
				CLANG_WARN_NON_LITERAL_NULL_CONVERSION = YES;
				CLANG_WARN_OBJC_IMPLICIT_RETAIN_SELF = YES;
				CLANG_WARN_OBJC_LITERAL_CONVERSION = YES;
				CLANG_WARN_OBJC_ROOT_CLASS = YES_ERROR;
				CLANG_WARN_QUOTED_INCLUDE_IN_FRAMEWORK_HEADER = YES;
				CLANG_WARN_RANGE_LOOP_ANALYSIS = YES;
				CLANG_WARN_STRICT_PROTOTYPES = YES;
				CLANG_WARN_SUSPICIOUS_MOVE = YES;
				CLANG_WARN_UNGUARDED_AVAILABILITY = YES_AGGRESSIVE;
				CLANG_WARN_UNREACHABLE_CODE = YES;
				CLANG_WARN__DUPLICATE_METHOD_MATCH = YES;
				COPY_PHASE_STRIP = NO;
				DEBUG_INFORMATION_FORMAT = "dwarf-with-dsym";
				ENABLE_NS_ASSERTIONS = NO;
				ENABLE_STRICT_OBJC_MSGSEND = YES;
				ENABLE_USER_SCRIPT_SANDBOXING = YES;
				GCC_C_LANGUAGE_STANDARD = gnu17;
				GCC_NO_COMMON_BLOCKS = YES;
				GCC_WARN_64_TO_32_BIT_CONVERSION = YES;
				GCC_WARN_ABOUT_RETURN_TYPE = YES_ERROR;
				GCC_WARN_UNDECLARED_SELECTOR = YES;
				GCC_WARN_UNINITIALIZED_AUTOS = YES_AGGRESSIVE;
				GCC_WARN_UNUSED_FUNCTION = YES;
				GCC_WARN_UNUSED_VARIABLE = YES;
				IPHONEOS_DEPLOYMENT_TARGET = 17.0;
				LOCALIZATION_PREFERS_STRING_CATALOGS = YES;
				MTL_ENABLE_DEBUG_INFO = NO;
				MTL_FAST_MATH = YES;
				SDKROOT = iphoneos;
				SWIFT_COMPILATION_MODE = wholemodule;
				VALIDATE_PRODUCT = YES;
			};
			name = Release;
		};
		CCCCCCCCCCCCCCCCCCCCCC06 /* Debug */ = {
			isa = XCBuildConfiguration;
			buildSettings = {
				ASSETCATALOG_COMPILER_APPICON_NAME = AppIcon;
				ASSETCATALOG_COMPILER_GLOBAL_ACCENT_COLOR_NAME = AccentColor;
				CODE_SIGN_STYLE = Automatic;
				CURRENT_PROJECT_VERSION = 1;
				DEVELOPMENT_TEAM = 8FN3F53SM8;
				GENERATE_INFOPLIST_FILE = YES;
				INFOPLIST_FILE = DailyChinese/Info.plist;
				INFOPLIST_KEY_NSMicrophoneUsageDescription = "DailyChinese needs microphone access to record your pronunciation practice.";
				INFOPLIST_KEY_UIApplicationSceneManifest_Generation = YES;
				INFOPLIST_KEY_UIApplicationSupportsIndirectInputEvents = YES;
				INFOPLIST_KEY_UILaunchScreen_Generation = YES;
				INFOPLIST_KEY_UISupportedInterfaceOrientations_iPad = "UIInterfaceOrientationPortrait UIInterfaceOrientationPortraitUpsideDown UIInterfaceOrientationLandscapeLeft UIInterfaceOrientationLandscapeRight";
				INFOPLIST_KEY_UISupportedInterfaceOrientations_iPhone = "UIInterfaceOrientationPortrait UIInterfaceOrientationLandscapeLeft UIInterfaceOrientationLandscapeRight";
				IPHONEOS_DEPLOYMENT_TARGET = 17.0;
				LD_RUNPATH_SEARCH_PATHS = (
					"$(inherited)",
					"@executable_path/Frameworks",
				);
				MARKETING_VERSION = 1.0;
				PRODUCT_BUNDLE_IDENTIFIER = com.example.DailyChinese;
				PRODUCT_NAME = "$(TARGET_NAME)";
				SWIFT_EMIT_LOC_STRINGS = YES;
				SWIFT_VERSION = 5.0;
				TARGETED_DEVICE_FAMILY = "1,2";
			};
			name = Debug;
		};
		CCCCCCCCCCCCCCCCCCCCCC07 /* Release */ = {
			isa = XCBuildConfiguration;
			buildSettings = {
				ASSETCATALOG_COMPILER_APPICON_NAME = AppIcon;
				ASSETCATALOG_COMPILER_GLOBAL_ACCENT_COLOR_NAME = AccentColor;
				CODE_SIGN_STYLE = Automatic;
				CURRENT_PROJECT_VERSION = 1;
				DEVELOPMENT_TEAM = 8FN3F53SM8;
				GENERATE_INFOPLIST_FILE = YES;
				INFOPLIST_FILE = DailyChinese/Info.plist;
				INFOPLIST_KEY_NSMicrophoneUsageDescription = "DailyChinese needs microphone access to record your pronunciation practice.";
				INFOPLIST_KEY_UIApplicationSceneManifest_Generation = YES;
				INFOPLIST_KEY_UIApplicationSupportsIndirectInputEvents = YES;
				INFOPLIST_KEY_UILaunchScreen_Generation = YES;
				INFOPLIST_KEY_UISupportedInterfaceOrientations_iPad = "UIInterfaceOrientationPortrait UIInterfaceOrientationPortraitUpsideDown UIInterfaceOrientationLandscapeLeft UIInterfaceOrientationLandscapeRight";
				INFOPLIST_KEY_UISupportedInterfaceOrientations_iPhone = "UIInterfaceOrientationPortrait UIInterfaceOrientationLandscapeLeft UIInterfaceOrientationLandscapeRight";
				IPHONEOS_DEPLOYMENT_TARGET = 17.0;
				LD_RUNPATH_SEARCH_PATHS = (
					"$(inherited)",
					"@executable_path/Frameworks",
				);
				MARKETING_VERSION = 1.0;
				PRODUCT_BUNDLE_IDENTIFIER = com.example.DailyChinese;
				PRODUCT_NAME = "$(TARGET_NAME)";
				SWIFT_EMIT_LOC_STRINGS = YES;
				SWIFT_VERSION = 5.0;
				TARGETED_DEVICE_FAMILY = "1,2";
			};
			name = Release;
		};
		CCCCCCCCCCCCCCCCCCCCCC08 /* Debug */ = {
			isa = XCBuildConfiguration;
			buildSettings = {
				BUNDLE_LOADER = "$(TEST_HOST)";
				CODE_SIGN_STYLE = Automatic;
				CURRENT_PROJECT_VERSION = 1;
				GENERATE_INFOPLIST_FILE = YES;
				IPHONEOS_DEPLOYMENT_TARGET = 17.0;
				MARKETING_VERSION = 1.0;
				PRODUCT_BUNDLE_IDENTIFIER = com.example.DailyChineseTests;
				PRODUCT_NAME = "$(TARGET_NAME)";
				SWIFT_EMIT_LOC_STRINGS = NO;
				SWIFT_VERSION = 5.0;
				TARGETED_DEVICE_FAMILY = "1,2";
				TEST_HOST = "$(BUILT_PRODUCTS_DIR)/DailyChinese.app/$(BUNDLE_EXECUTABLE_FOLDER_PATH)/DailyChinese";
			};
			name = Debug;
		};
		CCCCCCCCCCCCCCCCCCCCCC09 /* Release */ = {
			isa = XCBuildConfiguration;
			buildSettings = {
				BUNDLE_LOADER = "$(TEST_HOST)";
				CODE_SIGN_STYLE = Automatic;
				CURRENT_PROJECT_VERSION = 1;
				GENERATE_INFOPLIST_FILE = YES;
				IPHONEOS_DEPLOYMENT_TARGET = 17.0;
				MARKETING_VERSION = 1.0;
				PRODUCT_BUNDLE_IDENTIFIER = com.example.DailyChineseTests;
				PRODUCT_NAME = "$(TARGET_NAME)";
				SWIFT_EMIT_LOC_STRINGS = NO;
				SWIFT_VERSION = 5.0;
				TARGETED_DEVICE_FAMILY = "1,2";
				TEST_HOST = "$(BUILT_PRODUCTS_DIR)/DailyChinese.app/$(BUNDLE_EXECUTABLE_FOLDER_PATH)/DailyChinese";
			};
			name = Release;
		};
/* End XCBuildConfiguration section */

/* Begin XCConfigurationList section */
		EEEEEEEEEEEEEEEEEEEEEE00 /* Build configuration list for PBXProject "DailyChinese" */ = {
			isa = XCConfigurationList;
			buildConfigurations = (
				CCCCCCCCCCCCCCCCCCCCCC04 /* Debug */,
				CCCCCCCCCCCCCCCCCCCCCC05 /* Release */,
			);
			defaultConfigurationIsVisible = 0;
			defaultConfigurationName = Release;
		};
		EEEEEEEEEEEEEEEEEEEEEE01 /* Build configuration list for PBXNativeTarget "DailyChinese" */ = {
			isa = XCConfigurationList;
			buildConfigurations = (
				CCCCCCCCCCCCCCCCCCCCCC06 /* Debug */,
				CCCCCCCCCCCCCCCCCCCCCC07 /* Release */,
			);
			defaultConfigurationIsVisible = 0;
			defaultConfigurationName = Release;
		};
		EEEEEEEEEEEEEEEEEEEEEE02 /* Build configuration list for PBXNativeTarget "DailyChineseTests" */ = {
			isa = XCConfigurationList;
			buildConfigurations = (
				CCCCCCCCCCCCCCCCCCCCCC08 /* Debug */,
				CCCCCCCCCCCCCCCCCCCCCC09 /* Release */,
			);
			defaultConfigurationIsVisible = 0;
			defaultConfigurationName = Release;
		};
/* End XCConfigurationList section */
	};
	rootObject = 4A4A4A4A4A4A4A4A4A4A4A4A /* Project object */;
}
